// !$*UTF8*$!
{
	archiveVersion = 1;
	classes = {
	};
	objectVersion = 46;
	objects = {

/* Begin PBXBuildFile section */
		8354182C1E41B33900F304C9 /* AppDelegate.swift in Sources */ = {isa = PBXBuildFile; fileRef = 8354182B1E41B33900F304C9 /* AppDelegate.swift */; };
		835418311E41B33900F304C9 /* Main.storyboard in Resources */ = {isa = PBXBuildFile; fileRef = 8354182F1E41B33900F304C9 /* Main.storyboard */; };
		835418341E41B33900F304C9 /* SavingData.xcdatamodeld in Sources */ = {isa = PBXBuildFile; fileRef = 835418321E41B33900F304C9 /* SavingData.xcdatamodeld */; };
		835418361E41B33900F304C9 /* Assets.xcassets in Resources */ = {isa = PBXBuildFile; fileRef = 835418351E41B33900F304C9 /* Assets.xcassets */; };
		835418391E41B33900F304C9 /* LaunchScreen.storyboard in Resources */ = {isa = PBXBuildFile; fileRef = 835418371E41B33900F304C9 /* LaunchScreen.storyboard */; };
		835418421E41B35D00F304C9 /* ViewController.swift in Sources */ = {isa = PBXBuildFile; fileRef = 835418401E41B35D00F304C9 /* ViewController.swift */; };
		835418431E41B35D00F304C9 /* ViewController.xib in Resources */ = {isa = PBXBuildFile; fileRef = 835418411E41B35D00F304C9 /* ViewController.xib */; };
		835418471E41B38F00F304C9 /* DataBaseController.swift in Sources */ = {isa = PBXBuildFile; fileRef = 835418461E41B38F00F304C9 /* DataBaseController.swift */; };
		8354184A1E41B65F00F304C9 /* EmployeeDetails+CoreDataClass.swift in Sources */ = {isa = PBXBuildFile; fileRef = 835418481E41B65F00F304C9 /* EmployeeDetails+CoreDataClass.swift */; };
		8354184B1E41B65F00F304C9 /* EmployeeDetails+CoreDataProperties.swift in Sources */ = {isa = PBXBuildFile; fileRef = 835418491E41B65F00F304C9 /* EmployeeDetails+CoreDataProperties.swift */; };
		8354184E1E41BC2400F304C9 /* ShowEmpDetailsVC.swift in Sources */ = {isa = PBXBuildFile; fileRef = 8354184C1E41BC2400F304C9 /* ShowEmpDetailsVC.swift */; };
		8354184F1E41BC2400F304C9 /* ShowEmpDetailsVC.xib in Resources */ = {isa = PBXBuildFile; fileRef = 8354184D1E41BC2400F304C9 /* ShowEmpDetailsVC.xib */; };
		835418521E41BC6E00F304C9 /* ShowEmpDertailsTVC.swift in Sources */ = {isa = PBXBuildFile; fileRef = 835418501E41BC6E00F304C9 /* ShowEmpDertailsTVC.swift */; };
		835418531E41BC6E00F304C9 /* ShowEmpDertailsTVC.xib in Resources */ = {isa = PBXBuildFile; fileRef = 835418511E41BC6E00F304C9 /* ShowEmpDertailsTVC.xib */; };
		835418561E41DF7700F304C9 /* UpdatedDataBaseVC.swift in Sources */ = {isa = PBXBuildFile; fileRef = 835418541E41DF7700F304C9 /* UpdatedDataBaseVC.swift */; };
		835418571E41DF7700F304C9 /* UpdatedDataBaseVC.xib in Resources */ = {isa = PBXBuildFile; fileRef = 835418551E41DF7700F304C9 /* UpdatedDataBaseVC.xib */; };
/* End PBXBuildFile section */

/* Begin PBXFileReference section */
		835418281E41B33900F304C9 /* SavingData.app */ = {isa = PBXFileReference; explicitFileType = wrapper.application; includeInIndex = 0; path = SavingData.app; sourceTree = BUILT_PRODUCTS_DIR; };
		8354182B1E41B33900F304C9 /* AppDelegate.swift */ = {isa = PBXFileReference; lastKnownFileType = sourcecode.swift; path = AppDelegate.swift; sourceTree = "<group>"; };
		835418301E41B33900F304C9 /* Base */ = {isa = PBXFileReference; lastKnownFileType = file.storyboard; name = Base; path = Base.lproj/Main.storyboard; sourceTree = "<group>"; };
		835418331E41B33900F304C9 /* SavingData.xcdatamodel */ = {isa = PBXFileReference; lastKnownFileType = wrapper.xcdatamodel; path = SavingData.xcdatamodel; sourceTree = "<group>"; };
		835418351E41B33900F304C9 /* Assets.xcassets */ = {isa = PBXFileReference; lastKnownFileType = folder.assetcatalog; path = Assets.xcassets; sourceTree = "<group>"; };
		835418381E41B33900F304C9 /* Base */ = {isa = PBXFileReference; lastKnownFileType = file.storyboard; name = Base; path = Base.lproj/LaunchScreen.storyboard; sourceTree = "<group>"; };
		8354183A1E41B33900F304C9 /* Info.plist */ = {isa = PBXFileReference; lastKnownFileType = text.plist.xml; path = Info.plist; sourceTree = "<group>"; };
		835418401E41B35D00F304C9 /* ViewController.swift */ = {isa = PBXFileReference; fileEncoding = 4; lastKnownFileType = sourcecode.swift; path = ViewController.swift; sourceTree = "<group>"; };
		835418411E41B35D00F304C9 /* ViewController.xib */ = {isa = PBXFileReference; fileEncoding = 4; lastKnownFileType = file.xib; path = ViewController.xib; sourceTree = "<group>"; };
		835418461E41B38F00F304C9 /* DataBaseController.swift */ = {isa = PBXFileReference; fileEncoding = 4; lastKnownFileType = sourcecode.swift; path = DataBaseController.swift; sourceTree = "<group>"; };
		835418481E41B65F00F304C9 /* EmployeeDetails+CoreDataClass.swift */ = {isa = PBXFileReference; fileEncoding = 4; lastKnownFileType = sourcecode.swift; path = "EmployeeDetails+CoreDataClass.swift"; sourceTree = "<group>"; };
		835418491E41B65F00F304C9 /* EmployeeDetails+CoreDataProperties.swift */ = {isa = PBXFileReference; fileEncoding = 4; lastKnownFileType = sourcecode.swift; path = "EmployeeDetails+CoreDataProperties.swift"; sourceTree = "<group>"; };
		8354184C1E41BC2400F304C9 /* ShowEmpDetailsVC.swift */ = {isa = PBXFileReference; fileEncoding = 4; lastKnownFileType = sourcecode.swift; path = ShowEmpDetailsVC.swift; sourceTree = "<group>"; };
		8354184D1E41BC2400F304C9 /* ShowEmpDetailsVC.xib */ = {isa = PBXFileReference; fileEncoding = 4; lastKnownFileType = file.xib; path = ShowEmpDetailsVC.xib; sourceTree = "<group>"; };
		835418501E41BC6E00F304C9 /* ShowEmpDertailsTVC.swift */ = {isa = PBXFileReference; fileEncoding = 4; lastKnownFileType = sourcecode.swift; path = ShowEmpDertailsTVC.swift; sourceTree = "<group>"; };
		835418511E41BC6E00F304C9 /* ShowEmpDertailsTVC.xib */ = {isa = PBXFileReference; fileEncoding = 4; lastKnownFileType = file.xib; path = ShowEmpDertailsTVC.xib; sourceTree = "<group>"; };
		835418541E41DF7700F304C9 /* UpdatedDataBaseVC.swift */ = {isa = PBXFileReference; fileEncoding = 4; lastKnownFileType = sourcecode.swift; path = UpdatedDataBaseVC.swift; sourceTree = "<group>"; };
		835418551E41DF7700F304C9 /* UpdatedDataBaseVC.xib */ = {isa = PBXFileReference; fileEncoding = 4; lastKnownFileType = file.xib; path = UpdatedDataBaseVC.xib; sourceTree = "<group>"; };
/* End PBXFileReference section */

/* Begin PBXFrameworksBuildPhase section */
		835418251E41B33900F304C9 /* Frameworks */ = {
			isa = PBXFrameworksBuildPhase;
			buildActionMask = 2147483647;
			files = (
			);
			runOnlyForDeploymentPostprocessing = 0;
		};
/* End PBXFrameworksBuildPhase section */

/* Begin PBXGroup section */
		8354181F1E41B33900F304C9 = {
			isa = PBXGroup;
			children = (
				835418481E41B65F00F304C9 /* EmployeeDetails+CoreDataClass.swift */,
				835418491E41B65F00F304C9 /* EmployeeDetails+CoreDataProperties.swift */,
				8354182A1E41B33900F304C9 /* SavingData */,
				835418291E41B33900F304C9 /* Products */,
			);
			sourceTree = "<group>";
		};
		835418291E41B33900F304C9 /* Products */ = {
			isa = PBXGroup;
			children = (
				835418281E41B33900F304C9 /* SavingData.app */,
			);
			name = Products;
			sourceTree = "<group>";
		};
		8354182A1E41B33900F304C9 /* SavingData */ = {
			isa = PBXGroup;
			children = (
				8354182B1E41B33900F304C9 /* AppDelegate.swift */,
				835418401E41B35D00F304C9 /* ViewController.swift */,
				835418411E41B35D00F304C9 /* ViewController.xib */,
				8354184C1E41BC2400F304C9 /* ShowEmpDetailsVC.swift */,
				8354184D1E41BC2400F304C9 /* ShowEmpDetailsVC.xib */,
				835418501E41BC6E00F304C9 /* ShowEmpDertailsTVC.swift */,
				835418511E41BC6E00F304C9 /* ShowEmpDertailsTVC.xib */,
				835418541E41DF7700F304C9 /* UpdatedDataBaseVC.swift */,
				835418551E41DF7700F304C9 /* UpdatedDataBaseVC.xib */,
				835418461E41B38F00F304C9 /* DataBaseController.swift */,
				8354182F1E41B33900F304C9 /* Main.storyboard */,
				835418351E41B33900F304C9 /* Assets.xcassets */,
				835418371E41B33900F304C9 /* LaunchScreen.storyboard */,
				8354183A1E41B33900F304C9 /* Info.plist */,
				835418321E41B33900F304C9 /* SavingData.xcdatamodeld */,
			);
			path = SavingData;
			sourceTree = "<group>";
		};
/* End PBXGroup section */

/* Begin PBXNativeTarget section */
		835418271E41B33900F304C9 /* SavingData */ = {
			isa = PBXNativeTarget;
			buildConfigurationList = 8354183D1E41B33900F304C9 /* Build configuration list for PBXNativeTarget "SavingData" */;
			buildPhases = (
				835418241E41B33900F304C9 /* Sources */,
				835418251E41B33900F304C9 /* Frameworks */,
				835418261E41B33900F304C9 /* Resources */,
			);
			buildRules = (
			);
			dependencies = (
			);
			name = SavingData;
			productName = SavingData;
			productReference = 835418281E41B33900F304C9 /* SavingData.app */;
			productType = "com.apple.product-type.application";
		};
/* End PBXNativeTarget section */

/* Begin PBXProject section */
		835418201E41B33900F304C9 /* Project object */ = {
			isa = PBXProject;
			attributes = {
				LastSwiftUpdateCheck = 0820;
				LastUpgradeCheck = 0820;
				ORGANIZATIONNAME = KelltonTech;
				TargetAttributes = {
					835418271E41B33900F304C9 = {
						CreatedOnToolsVersion = 8.2;
						ProvisioningStyle = Automatic;
					};
				};
			};
			buildConfigurationList = 835418231E41B33900F304C9 /* Build configuration list for PBXProject "SavingData" */;
			compatibilityVersion = "Xcode 3.2";
			developmentRegion = English;
			hasScannedForEncodings = 0;
			knownRegions = (
				en,
				Base,
			);
			mainGroup = 8354181F1E41B33900F304C9;
			productRefGroup = 835418291E41B33900F304C9 /* Products */;
			projectDirPath = "";
			projectRoot = "";
			targets = (
				835418271E41B33900F304C9 /* SavingData */,
			);
		};
/* End PBXProject section */

/* Begin PBXResourcesBuildPhase section */
		835418261E41B33900F304C9 /* Resources */ = {
			isa = PBXResourcesBuildPhase;
			buildActionMask = 2147483647;
			files = (
				8354184F1E41BC2400F304C9 /* ShowEmpDetailsVC.xib in Resources */,
				835418391E41B33900F304C9 /* LaunchScreen.storyboard in Resources */,
				835418361E41B33900F304C9 /* Assets.xcassets in Resources */,
				835418531E41BC6E00F304C9 /* ShowEmpDertailsTVC.xib in Resources */,
				835418431E41B35D00F304C9 /* ViewController.xib in Resources */,
				835418571E41DF7700F304C9 /* UpdatedDataBaseVC.xib in Resources */,
				835418311E41B33900F304C9 /* Main.storyboard in Resources */,
			);
			runOnlyForDeploymentPostprocessing = 0;
		};
/* End PBXResourcesBuildPhase section */

/* Begin PBXSourcesBuildPhase section */
		835418241E41B33900F304C9 /* Sources */ = {
			isa = PBXSourcesBuildPhase;
			buildActionMask = 2147483647;
			files = (
				8354184A1E41B65F00F304C9 /* EmployeeDetails+CoreDataClass.swift in Sources */,
				835418471E41B38F00F304C9 /* DataBaseController.swift in Sources */,
				8354184E1E41BC2400F304C9 /* ShowEmpDetailsVC.swift in Sources */,
				835418521E41BC6E00F304C9 /* ShowEmpDertailsTVC.swift in Sources */,
				835418421E41B35D00F304C9 /* ViewController.swift in Sources */,
				8354182C1E41B33900F304C9 /* AppDelegate.swift in Sources */,
				835418561E41DF7700F304C9 /* UpdatedDataBaseVC.swift in Sources */,
				8354184B1E41B65F00F304C9 /* EmployeeDetails+CoreDataProperties.swift in Sources */,
				835418341E41B33900F304C9 /* SavingData.xcdatamodeld in Sources */,
			);
			runOnlyForDeploymentPostprocessing = 0;
		};
/* End PBXSourcesBuildPhase section */

/* Begin PBXVariantGroup section */
		8354182F1E41B33900F304C9 /* Main.storyboard */ = {
			isa = PBXVariantGroup;
			children = (
				835418301E41B33900F304C9 /* Base */,
			);
			name = Main.storyboard;
			sourceTree = "<group>";
		};
		835418371E41B33900F304C9 /* LaunchScreen.storyboard */ = {
			isa = PBXVariantGroup;
			children = (
				835418381E41B33900F304C9 /* Base */,
			);
			name = LaunchScreen.storyboard;
			sourceTree = "<group>";
		};
/* End PBXVariantGroup section */

/* Begin XCBuildConfiguration section */
		8354183B1E41B33900F304C9 /* Debug */ = {
			isa = XCBuildConfiguration;
			buildSettings = {
				ALWAYS_SEARCH_USER_PATHS = NO;
				CLANG_ANALYZER_NONNULL = YES;
				CLANG_CXX_LANGUAGE_STANDARD = "gnu++0x";
				CLANG_CXX_LIBRARY = "libc++";
				CLANG_ENABLE_MODULES = YES;
				CLANG_ENABLE_OBJC_ARC = YES;
				CLANG_WARN_BOOL_CONVERSION = YES;
				CLANG_WARN_CONSTANT_CONVERSION = YES;
				CLANG_WARN_DIRECT_OBJC_ISA_USAGE = YES_ERROR;
				CLANG_WARN_DOCUMENTATION_COMMENTS = YES;
				CLANG_WARN_EMPTY_BODY = YES;
				CLANG_WARN_ENUM_CONVERSION = YES;
				CLANG_WARN_INFINITE_RECURSION = YES;
				CLANG_WARN_INT_CONVERSION = YES;
				CLANG_WARN_OBJC_ROOT_CLASS = YES_ERROR;
				CLANG_WARN_SUSPICIOUS_MOVE = YES;
				CLANG_WARN_UNREACHABLE_CODE = YES;
				CLANG_WARN__DUPLICATE_METHOD_MATCH = YES;
				"CODE_SIGN_IDENTITY[sdk=iphoneos*]" = "iPhone Developer";
				COPY_PHASE_STRIP = NO;
				DEBUG_INFORMATION_FORMAT = dwarf;
				ENABLE_STRICT_OBJC_MSGSEND = YES;
				ENABLE_TESTABILITY = YES;
				GCC_C_LANGUAGE_STANDARD = gnu99;
				GCC_DYNAMIC_NO_PIC = NO;
				GCC_NO_COMMON_BLOCKS = YES;
				GCC_OPTIMIZATION_LEVEL = 0;
				GCC_PREPROCESSOR_DEFINITIONS = (
					"DEBUG=1",
					"$(inherited)",
				);
				GCC_WARN_64_TO_32_BIT_CONVERSION = YES;
				GCC_WARN_ABOUT_RETURN_TYPE = YES_ERROR;
				GCC_WARN_UNDECLARED_SELECTOR = YES;
				GCC_WARN_UNINITIALIZED_AUTOS = YES_AGGRESSIVE;
				GCC_WARN_UNUSED_FUNCTION = YES;
				GCC_WARN_UNUSED_VARIABLE = YES;
				IPHONEOS_DEPLOYMENT_TARGET = 10.2;
				MTL_ENABLE_DEBUG_INFO = YES;
				ONLY_ACTIVE_ARCH = YES;
				SDKROOT = iphoneos;
				SWIFT_ACTIVE_COMPILATION_CONDITIONS = DEBUG;
				SWIFT_OPTIMIZATION_LEVEL = "-Onone";
				TARGETED_DEVICE_FAMILY = "1,2";
			};
			name = Debug;
		};
		8354183C1E41B33900F304C9 /* Release */ = {
			isa = XCBuildConfiguration;
			buildSettings = {
				ALWAYS_SEARCH_USER_PATHS = NO;
				CLANG_ANALYZER_NONNULL = YES;
				CLANG_CXX_LANGUAGE_STANDARD = "gnu++0x";
				CLANG_CXX_LIBRARY = "libc++";
				CLANG_ENABLE_MODULES = YES;
				CLANG_ENABLE_OBJC_ARC = YES;
				CLANG_WARN_BOOL_CONVERSION = YES;
				CLANG_WARN_CONSTANT_CONVERSION = YES;
				CLANG_WARN_DIRECT_OBJC_ISA_USAGE = YES_ERROR;
				CLANG_WARN_DOCUMENTATION_COMMENTS = YES;
				CLANG_WARN_EMPTY_BODY = YES;
				CLANG_WARN_ENUM_CONVERSION = YES;
				CLANG_WARN_INFINITE_RECURSION = YES;
				CLANG_WARN_INT_CONVERSION = YES;
				CLANG_WARN_OBJC_ROOT_CLASS = YES_ERROR;
				CLANG_WARN_SUSPICIOUS_MOVE = YES;
				CLANG_WARN_UNREACHABLE_CODE = YES;
				CLANG_WARN__DUPLICATE_METHOD_MATCH = YES;
				"CODE_SIGN_IDENTITY[sdk=iphoneos*]" = "iPhone Developer";
				COPY_PHASE_STRIP = NO;
				DEBUG_INFORMATION_FORMAT = "dwarf-with-dsym";
				ENABLE_NS_ASSERTIONS = NO;
				ENABLE_STRICT_OBJC_MSGSEND = YES;
				GCC_C_LANGUAGE_STANDARD = gnu99;
				GCC_NO_COMMON_BLOCKS = YES;
				GCC_WARN_64_TO_32_BIT_CONVERSION = YES;
				GCC_WARN_ABOUT_RETURN_TYPE = YES_ERROR;
				GCC_WARN_UNDECLARED_SELECTOR = YES;
				GCC_WARN_UNINITIALIZED_AUTOS = YES_AGGRESSIVE;
				GCC_WARN_UNUSED_FUNCTION = YES;
				GCC_WARN_UNUSED_VARIABLE = YES;
				IPHONEOS_DEPLOYMENT_TARGET = 10.2;
				MTL_ENABLE_DEBUG_INFO = NO;
				SDKROOT = iphoneos;
				SWIFT_OPTIMIZATION_LEVEL = "-Owholemodule";
				TARGETED_DEVICE_FAMILY = "1,2";
				VALIDATE_PRODUCT = YES;
			};
			name = Release;
		};
		8354183E1E41B33900F304C9 /* Debug */ = {
			isa = XCBuildConfiguration;
			buildSettings = {
				ASSETCATALOG_COMPILER_APPICON_NAME = AppIcon;
				INFOPLIST_FILE = SavingData/Info.plist;
				LD_RUNPATH_SEARCH_PATHS = "$(inherited) @executable_path/Frameworks";
				PRODUCT_BUNDLE_IDENTIFIER = com.KelltonTech.SavingData;
				PRODUCT_NAME = "$(TARGET_NAME)";
				SWIFT_VERSION = 3.0;
			};
			name = Debug;
		};
		8354183F1E41B33900F304C9 /* Release */ = {
			isa = XCBuildConfiguration;
			buildSettings = {
				ASSETCATALOG_COMPILER_APPICON_NAME = AppIcon;
				INFOPLIST_FILE = SavingData/Info.plist;
				LD_RUNPATH_SEARCH_PATHS = "$(inherited) @executable_path/Frameworks";
				PRODUCT_BUNDLE_IDENTIFIER = com.KelltonTech.SavingData;
				PRODUCT_NAME = "$(TARGET_NAME)";
				SWIFT_VERSION = 3.0;
			};
			name = Release;
		};
/* End XCBuildConfiguration section */

/* Begin XCConfigurationList section */
		835418231E41B33900F304C9 /* Build configuration list for PBXProject "SavingData" */ = {
			isa = XCConfigurationList;
			buildConfigurations = (
				8354183B1E41B33900F304C9 /* Debug */,
				8354183C1E41B33900F304C9 /* Release */,
			);
			defaultConfigurationIsVisible = 0;
			defaultConfigurationName = Release;
		};
		8354183D1E41B33900F304C9 /* Build configuration list for PBXNativeTarget "SavingData" */ = {
			isa = XCConfigurationList;
			buildConfigurations = (
				8354183E1E41B33900F304C9 /* Debug */,
				8354183F1E41B33900F304C9 /* Release */,
			);
			defaultConfigurationIsVisible = 0;
			defaultConfigurationName = Release;
		};
/* End XCConfigurationList section */

/* Begin XCVersionGroup section */
		835418321E41B33900F304C9 /* SavingData.xcdatamodeld */ = {
			isa = XCVersionGroup;
			children = (
				835418331E41B33900F304C9 /* SavingData.xcdatamodel */,
			);
			currentVersion = 835418331E41B33900F304C9 /* SavingData.xcdatamodel */;
			path = SavingData.xcdatamodeld;
			sourceTree = "<group>";
			versionGroupType = wrapper.xcdatamodel;
		};
/* End XCVersionGroup section */
	};
	rootObject = 835418201E41B33900F304C9 /* Project object */;
}
